{
  "name": "Lessley",
  "lockfileVersion": 3,
  "requires": true,
  "packages": {
    "": {
      "dependencies": {
        "@firecrawl/anydoc": "^0.1.8"
      }
    },
    "node_modules/@firecrawl/anydoc": {
      "version": "0.1.8",
      "resolved": "https://registry.npmjs.org/@firecrawl/anydoc/-/anydoc-0.1.8.tgz",
      "integrity": "sha512-DJXcCdEL1CcIyRRO/2C6SAcvn/SgM0nnpeGLOyZxJwCZJlx9s0HBUnsNtvQd5UHFUY/vZOURMOUf/h4I3HLjvQ==",
      "license": "MIT",
      "bin": {
        "anydoc": "cli.js"
      },
      "engines": {
        "node": ">= 20"
      },
      "optionalDependencies": {
        "@firecrawl/anydoc-darwin-arm64": "0.1.8",
        "@firecrawl/anydoc-darwin-x64": "0.1.8",
        "@firecrawl/anydoc-linux-arm64-gnu": "0.1.8",
        "@firecrawl/anydoc-linux-arm64-musl": "0.1.8",
        "@firecrawl/anydoc-linux-x64-gnu": "0.1.8",
        "@firecrawl/anydoc-linux-x64-musl": "0.1.8",
        "@firecrawl/anydoc-win32-x64-msvc": "0.1.8"
      }
    },
    "node_modules/@firecrawl/anydoc-darwin-arm64": {
      "version": "0.1.8",
      "resolved": "https://registry.npmjs.org/@firecrawl/anydoc-darwin-arm64/-/anydoc-darwin-arm64-0.1.8.tgz",
      "integrity": "sha512-B+30kDFGW8RUt1S6nOwdRT3ZTf8pDztid1ws8XL95UuAkz2d49ktg00hfEIW0xCgM1HByUTfQkQtcJsfF2O35g==",
      "cpu": [
        "arm64"
      ],
      "license": "MIT",
      "optional": true,
      "os": [
        "darwin"
      ],
      "engines": {
        "node": ">= 20"
      }
    },
    "node_modules/@firecrawl/anydoc-darwin-x64": {
      "version": "0.1.8",
      "resolved": "https://registry.npmjs.org/@firecrawl/anydoc-darwin-x64/-/anydoc-darwin-x64-0.1.8.tgz",
      "integrity": "sha512-PqUQFRv7I86ou2sZ0qE6bQFASi2Ja5yfpsU1vhngnqTsC31q2iSLDE5MWWGGRMoNZrWDh5ICTN7yQBoepkSokw==",
      "cpu": [
        "x64"
      ],
      "license": "MIT",
      "optional": true,
      "os": [
        "darwin"
      ],
      "engines": {
        "node": ">= 20"
      }
    },
    "node_modules/@firecrawl/anydoc-linux-arm64-gnu": {
      "version": "0.1.8",
      "resolved": "https://registry.npmjs.org/@firecrawl/anydoc-linux-arm64-gnu/-/anydoc-linux-arm64-gnu-0.1.8.tgz",
      "integrity": "sha512-lFuS2GdkKexYCCfBGb47si3vE4jA8Y+w9F377JJPeQc1/HQilqi+RjOhQrEgHiGlNygeOJwL6bKOQr+R+CWL9Q==",
      "cpu": [
        "arm64"
      ],
      "libc": [
        "glibc"
      ],
      "license": "MIT",
      "optional": true,
      "os": [
        "linux"
      ],
      "engines": {
        "node": ">= 20"
      }
    },
    "node_modules/@firecrawl/anydoc-linux-arm64-musl": {
      "version": "0.1.8",
      "resolved": "https://registry.npmjs.org/@firecrawl/anydoc-linux-arm64-musl/-/anydoc-linux-arm64-musl-0.1.8.tgz",
      "integrity": "sha512-MT+24XbTQ5Jh+SDmbQz5F46sbz/gE2SeWf/5RyFriuOJHtiYSb0rym1AOa7HZH12AJvnfPcU6xTqyj1gKxRF0g==",
      "cpu": [
        "arm64"
      ],
      "libc": [
        "musl"
      ],
      "license": "MIT",
      "optional": true,
      "os": [
        "linux"
      ],
      "engines": {
        "node": ">= 20"
      }
    },
    "node_modules/@firecrawl/anydoc-linux-x64-gnu": {
      "version": "0.1.8",
      "resolved": "https://registry.npmjs.org/@firecrawl/anydoc-linux-x64-gnu/-/anydoc-linux-x64-gnu-0.1.8.tgz",
      "integrity": "sha512-Row1/D9/3Zf5fFKaIyZqlMbz/Bxzl9FULFH7Zxlx/h4HTZT3S4Yl5d5A5Gl6T1Rps3qwrsJerXfL+9nLrj4s3Q==",
      "cpu": [
        "x64"
      ],
      "libc": [
        "glibc"
      ],
      "license": "MIT",
      "optional": true,
      "os": [
        "linux"
      ],
      "engines": {
        "node": ">= 20"
      }
    },
    "node_modules/@firecrawl/anydoc-linux-x64-musl": {
      "version": "0.1.8",
      "resolved": "https://registry.npmjs.org/@firecrawl/anydoc-linux-x64-musl/-/anydoc-linux-x64-musl-0.1.8.tgz",
      "integrity": "sha512-PovgyJR229FbxYsPGFhHFio1B+zBn2WKgNMmon/aPZanSG5a+xGkv+ywdrYJnZtBF1+LHgfbiQPljv5BqdbUMg==",
      "cpu": [
        "x64"
      ],
      "libc": [
        "musl"
      ],
      "license": "MIT",
      "optional": true,
      "os": [
        "linux"
      ],
      "engines": {
        "node": ">= 20"
      }
    },
    "node_modules/@firecrawl/anydoc-win32-x64-msvc": {
      "version": "0.1.8",
      "resolved": "https://registry.npmjs.org/@firecrawl/anydoc-win32-x64-msvc/-/anydoc-win32-x64-msvc-0.1.8.tgz",
      "integrity": "sha512-WwCy76FKeNLMFpfQkegaGZh6Oh05XMTQkGCVizh5IDZXTtYfn2j+KqOQbx8XT1y+dewBYQIvq/8OJFpeHuckKA==",
      "cpu": [
        "x64"
      ],
      "license": "MIT",
      "optional": true,
      "os": [
        "win32"
      ],
      "engines": {
        "node": ">= 20"
      }
    }
  }
}
